PODS:
  - AFNetworking (3.1.0):
    - AFNetworking/NSURLSession (= 3.1.0)
    - AFNetworking/Reachability (= 3.1.0)
    - AFNetworking/Security (= 3.1.0)
    - AFNetworking/Serialization (= 3.1.0)
    - AFNetworking/UIKit (= 3.1.0)
  - AFNetworking/NSURLSession (3.1.0):
    - AFNetworking/Reachability
    - AFNetworking/Security
    - AFNetworking/Serialization
  - AFNetworking/Reachability (3.1.0)
  - AFNetworking/Security (3.1.0)
  - AFNetworking/Serialization (3.1.0)
  - AFNetworking/UIKit (3.1.0):
    - AFNetworking/NSURLSession
  - CYLTabBarController (1.13.1)
  - DZNEmptyDataSet (1.8.1)
  - FBRetainCycleDetector (0.1.3)
  - FDFullscreenPopGesture (1.1)
  - FMDB (2.7.2):
    - FMDB/standard (= 2.7.2)
  - FMDB/standard (2.7.2)
  - iCarousel (1.8.3)
  - IQKeyboardManager (4.0.10)
  - iVersion (1.11.5)
  - Masonry (1.0.2)
  - MBProgressHUD (1.0.0)
  - MJExtension (3.0.13)
  - MJRefresh (3.1.12)
  - MLeaksFinder (0.2.1):
    - FBRetainCycleDetector
  - RBBAnimation (0.4.0)
  - Reachability (3.2)
  - ReactiveCocoa (2.5):
    - ReactiveCocoa/UI (= 2.5)
  - ReactiveCocoa/Core (2.5):
    - ReactiveCocoa/no-arc
  - ReactiveCocoa/no-arc (2.5)
  - ReactiveCocoa/UI (2.5):
    - ReactiveCocoa/Core
  - RegexKitLite-NoWarning (1.1.0)
  - SDAutoLayout (2.1.8)
  - SDCAlertView (2.5.4):
    - RBBAnimation (~> 0.3)
    - SDCAutoLayout (~> 2.0)
  - SDCAutoLayout (2.0.3)
  - SDCycleScrollView (1.65):
    - SDWebImage (~> 3.7)
  - SDWebImage (3.8.2):
    - SDWebImage/Core (= 3.8.2)
  - SDWebImage/Core (3.8.2)
  - SSKeychain (1.4.1)
  - SVProgressHUD (2.1.2)
  - TMCache (2.1.0)
  - TTTAttributedLabel (2.0.0)

DEPENDENCIES:
  - AFNetworking (~> 3.1.0)
  - CYLTabBarController (~> 1.13.1)
  - DZNEmptyDataSet (~> 1.8.1)
  - FDFullscreenPopGesture (= 1.1)
  - FMDB (~> 2.7.2)
  - iCarousel (~> 1.8.3)
  - IQKeyboardManager (~> 4.0.10)
  - iVersion (= 1.11.5)
  - Masonry (~> 1.0.2)
  - MBProgressHUD (= 1.0.0)
  - MJExtension (~> 3.0.13)
  - MJRefresh (~> 3.1.12)
  - MLeaksFinder (~> 0.2.1)
  - Reachability (~> 3.2)
  - ReactiveCocoa (= 2.5)
  - RegexKitLite-NoWarning (= 1.1.0)
  - SDAutoLayout (~> 2.1.4)
  - SDCAlertView (~> 2.5.2)
  - SDCycleScrollView (~> 1.65)
  - SDWebImage (~> 3.8.1)
  - SSKeychain (= 1.4.1)
  - SVProgressHUD (from `https://github.com/SVProgressHUD/SVProgressHUD.git`)
  - TMCache (= 2.1.0)
  - TTTAttributedLabel (~> 2.0.0)

EXTERNAL SOURCES:
  SVProgressHUD:
    :git: https://github.com/SVProgressHUD/SVProgressHUD.git

CHECKOUT OPTIONS:
  SVProgressHUD:
    :commit: 7e3139d2d56b336e48c178cc4605966191f4ac24
    :git: https://github.com/SVProgressHUD/SVProgressHUD.git

SPEC CHECKSUMS:
  AFNetworking: 5e0e199f73d8626b11e79750991f5d173d1f8b67
  CYLTabBarController: 97f6b486f9e6c613d69e9c111cc9c2c5db7000ce
  DZNEmptyDataSet: 9525833b9e68ac21c30253e1d3d7076cc828eaa7
  FBRetainCycleDetector: f0c7b290bf48ae77f6ae060843ce34ae341781eb
  FDFullscreenPopGesture: a8a620179e3d9c40e8e00256dcee1c1a27c6d0f0
  FMDB: 6198a90e7b6900cfc046e6bc0ef6ebb7be9236aa
  iCarousel: d782f635afac190c49bb8ee455882284cff8b85f
  IQKeyboardManager: 593ee99b88381f4b9ccb22bd680f22606351bd41
  iVersion: 3a93a89259eb3b52b0a8ba52c46a0027fa6b4d30
  Masonry: 7c429b56da9d4ee0bbb3ed77a5ea710d6a5df39e
  MBProgressHUD: 4890f671c94e8a0f3cf959aa731e9de2f036d71a
  MJExtension: 5932755f451458eefa24239358817f8d291240c7
  MJRefresh: b96cdb21c4aa75a7b07654311ab2f315c497e806
  MLeaksFinder: 0850e2f2abc7227adc4d4e2d1992b431264eb4d5
  RBBAnimation: 4b2d66f6d993febce63cd564da934985313b9c59
  Reachability: 33e18b67625424e47b6cde6d202dce689ad7af96
  ReactiveCocoa: e2db045570aa97c695e7aa97c2bcab222ae51f4a
  RegexKitLite-NoWarning: 365d208f8187997e33d9de8baeddfc00728596d8
  SDAutoLayout: 5a4b48d6b8a5172ae8d088d2879e40dd795e6251
  SDCAlertView: 2e2b0ecc5f1ec367e45d83efa2e512688ca7fa55
  SDCAutoLayout: e6885bb39ab8e2ec2ff84d158f38035f025f7420
  SDCycleScrollView: f72904c77698a7f93a41bcbbc2d78b073bf7326c
  SDWebImage: 098e97e6176540799c27e804c96653ee0833d13c
  SSKeychain: 55cc80f66f5c73da827e3077f02e43528897db41
  SVProgressHUD: d65371a8e4482380deddb9fe60e14e59ddb30eb3
  TMCache: 95ebcc9b3c7e90fb5fd8fc3036cba3aa781c9bed
  TTTAttributedLabel: 8cffe8e127e4e82ff3af1e5386d4cd0ad000b656

PODFILE CHECKSUM: 87bd64a9ef2189ce1b530ef0ed913d34486eb203

COCOAPODS: 1.2.1
