// !$*UTF8*$!
{
	archiveVersion = 1;
	classes = {
	};
	objectVersion = 46;
	objects = {

/* Begin PBXBuildFile section */
		126769AE1EDAB9A700F77D00 /* main.m in Sources */ = {isa = PBXBuildFile; fileRef = 126769AD1EDAB9A700F77D00 /* main.m */; };
		126769B41EDAB9A700F77D00 /* ViewController.m in Sources */ = {isa = PBXBuildFile; fileRef = 126769B31EDAB9A700F77D00 /* ViewController.m */; };
		126769B71EDAB9A700F77D00 /* Main.storyboard in Resources */ = {isa = PBXBuildFile; fileRef = 126769B51EDAB9A700F77D00 /* Main.storyboard */; };
		126769B91EDAB9A700F77D00 /* Assets.xcassets in Resources */ = {isa = PBXBuildFile; fileRef = 126769B81EDAB9A700F77D00 /* Assets.xcassets */; };
		126769BC1EDAB9A700F77D00 /* LaunchScreen.storyboard in Resources */ = {isa = PBXBuildFile; fileRef = 126769BA1EDAB9A700F77D00 /* LaunchScreen.storyboard */; };
		126769C71EDAB9A700F77D00 /* iOS_demoTests.m in Sources */ = {isa = PBXBuildFile; fileRef = 126769C61EDAB9A700F77D00 /* iOS_demoTests.m */; };
		126769D21EDAB9A700F77D00 /* iOS_demoUITests.m in Sources */ = {isa = PBXBuildFile; fileRef = 126769D11EDAB9A700F77D00 /* iOS_demoUITests.m */; };
		12F014541EF979DD006ECD35 /* AppDelegate.m in Sources */ = {isa = PBXBuildFile; fileRef = 12F014531EF979DD006ECD35 /* AppDelegate.m */; };
/* End PBXBuildFile section */

/* Begin PBXContainerItemProxy section */
		126769C31EDAB9A700F77D00 /* PBXContainerItemProxy */ = {
			isa = PBXContainerItemProxy;
			containerPortal = 126769A11EDAB9A700F77D00 /* Project object */;
			proxyType = 1;
			remoteGlobalIDString = 126769A81EDAB9A700F77D00;
			remoteInfo = iOS_demo;
		};
		126769CE1EDAB9A700F77D00 /* PBXContainerItemProxy */ = {
			isa = PBXContainerItemProxy;
			containerPortal = 126769A11EDAB9A700F77D00 /* Project object */;
			proxyType = 1;
			remoteGlobalIDString = 126769A81EDAB9A700F77D00;
			remoteInfo = iOS_demo;
		};
/* End PBXContainerItemProxy section */

/* Begin PBXFileReference section */
		122413341F09D81000FD6A25 /* FontAndColorMacros.h */ = {isa = PBXFileReference; fileEncoding = 4; lastKnownFileType = sourcecode.c.h; path = FontAndColorMacros.h; sourceTree = "<group>"; };
		122413351F09D81000FD6A25 /* URLMacros.h */ = {isa = PBXFileReference; fileEncoding = 4; lastKnownFileType = sourcecode.c.h; path = URLMacros.h; sourceTree = "<group>"; };
		122413361F09D81000FD6A25 /* UtilsMacros.h */ = {isa = PBXFileReference; fileEncoding = 4; lastKnownFileType = sourcecode.c.h; path = UtilsMacros.h; sourceTree = "<group>"; };
		126769A91EDAB9A700F77D00 /* iOS_demo.app */ = {isa = PBXFileReference; explicitFileType = wrapper.application; includeInIndex = 0; path = iOS_demo.app; sourceTree = BUILT_PRODUCTS_DIR; };
		126769AD1EDAB9A700F77D00 /* main.m */ = {isa = PBXFileReference; lastKnownFileType = sourcecode.c.objc; path = main.m; sourceTree = "<group>"; };
		126769B21EDAB9A700F77D00 /* ViewController.h */ = {isa = PBXFileReference; lastKnownFileType = sourcecode.c.h; path = ViewController.h; sourceTree = "<group>"; };
		126769B31EDAB9A700F77D00 /* ViewController.m */ = {isa = PBXFileReference; lastKnownFileType = sourcecode.c.objc; path = ViewController.m; sourceTree = "<group>"; };
		126769B61EDAB9A700F77D00 /* Base */ = {isa = PBXFileReference; lastKnownFileType = file.storyboard; name = Base; path = Base.lproj/Main.storyboard; sourceTree = "<group>"; };
		126769B81EDAB9A700F77D00 /* Assets.xcassets */ = {isa = PBXFileReference; lastKnownFileType = folder.assetcatalog; path = Assets.xcassets; sourceTree = "<group>"; };
		126769BB1EDAB9A700F77D00 /* Base */ = {isa = PBXFileReference; lastKnownFileType = file.storyboard; name = Base; path = Base.lproj/LaunchScreen.storyboard; sourceTree = "<group>"; };
		126769BD1EDAB9A700F77D00 /* Info.plist */ = {isa = PBXFileReference; lastKnownFileType = text.plist.xml; path = Info.plist; sourceTree = "<group>"; };
		126769C21EDAB9A700F77D00 /* iOS_demoTests.xctest */ = {isa = PBXFileReference; explicitFileType = wrapper.cfbundle; includeInIndex = 0; path = iOS_demoTests.xctest; sourceTree = BUILT_PRODUCTS_DIR; };
		126769C61EDAB9A700F77D00 /* iOS_demoTests.m */ = {isa = PBXFileReference; lastKnownFileType = sourcecode.c.objc; path = iOS_demoTests.m; sourceTree = "<group>"; };
		126769C81EDAB9A700F77D00 /* Info.plist */ = {isa = PBXFileReference; lastKnownFileType = text.plist.xml; path = Info.plist; sourceTree = "<group>"; };
		126769CD1EDAB9A700F77D00 /* iOS_demoUITests.xctest */ = {isa = PBXFileReference; explicitFileType = wrapper.cfbundle; includeInIndex = 0; path = iOS_demoUITests.xctest; sourceTree = BUILT_PRODUCTS_DIR; };
		126769D11EDAB9A700F77D00 /* iOS_demoUITests.m */ = {isa = PBXFileReference; lastKnownFileType = sourcecode.c.objc; path = iOS_demoUITests.m; sourceTree = "<group>"; };
		126769D31EDAB9A700F77D00 /* Info.plist */ = {isa = PBXFileReference; lastKnownFileType = text.plist.xml; path = Info.plist; sourceTree = "<group>"; };
		12F014521EF979DD006ECD35 /* AppDelegate.h */ = {isa = PBXFileReference; fileEncoding = 4; lastKnownFileType = sourcecode.c.h; path = AppDelegate.h; sourceTree = "<group>"; };
		12F014531EF979DD006ECD35 /* AppDelegate.m */ = {isa = PBXFileReference; fileEncoding = 4; lastKnownFileType = sourcecode.c.objc; path = AppDelegate.m; sourceTree = "<group>"; };
/* End PBXFileReference section */

/* Begin PBXFrameworksBuildPhase section */
		126769A61EDAB9A700F77D00 /* Frameworks */ = {
			isa = PBXFrameworksBuildPhase;
			buildActionMask = 2147483647;
			files = (
			);
			runOnlyForDeploymentPostprocessing = 0;
		};
		126769BF1EDAB9A700F77D00 /* Frameworks */ = {
			isa = PBXFrameworksBuildPhase;
			buildActionMask = 2147483647;
			files = (
			);
			runOnlyForDeploymentPostprocessing = 0;
		};
		126769CA1EDAB9A700F77D00 /* Frameworks */ = {
			isa = PBXFrameworksBuildPhase;
			buildActionMask = 2147483647;
			files = (
			);
			runOnlyForDeploymentPostprocessing = 0;
		};
/* End PBXFrameworksBuildPhase section */

/* Begin PBXGroup section */
		122413251F09D68900FD6A25 /* Classes */ = {
			isa = PBXGroup;
			children = (
				122413261F09D68900FD6A25 /* Discover(发现) */,
				122413271F09D68900FD6A25 /* Home(首页) */,
				122413281F09D68900FD6A25 /* Message(消息) */,
				122413291F09D68900FD6A25 /* Mine(我的) */,
				1224132A1F09D68900FD6A25 /* publish(发布) */,
			);
			path = Classes;
			sourceTree = "<group>";
		};
		122413261F09D68900FD6A25 /* Discover(发现) */ = {
			isa = PBXGroup;
			children = (
			);
			path = "Discover(发现)";
			sourceTree = "<group>";
		};
		122413271F09D68900FD6A25 /* Home(首页) */ = {
			isa = PBXGroup;
			children = (
			);
			path = "Home(首页)";
			sourceTree = "<group>";
		};
		122413281F09D68900FD6A25 /* Message(消息) */ = {
			isa = PBXGroup;
			children = (
			);
			path = "Message(消息)";
			sourceTree = "<group>";
		};
		122413291F09D68900FD6A25 /* Mine(我的) */ = {
			isa = PBXGroup;
			children = (
			);
			path = "Mine(我的)";
			sourceTree = "<group>";
		};
		1224132A1F09D68900FD6A25 /* publish(发布) */ = {
			isa = PBXGroup;
			children = (
			);
			path = "publish(发布)";
			sourceTree = "<group>";
		};
		1224132B1F09D74B00FD6A25 /* Vendor */ = {
			isa = PBXGroup;
			children = (
			);
			path = Vendor;
			sourceTree = "<group>";
		};
		1224132C1F09D7DF00FD6A25 /* BaseClasses */ = {
			isa = PBXGroup;
			children = (
			);
			path = BaseClasses;
			sourceTree = "<group>";
		};
		1224132D1F09D7DF00FD6A25 /* Categories */ = {
			isa = PBXGroup;
			children = (
			);
			path = Categories;
			sourceTree = "<group>";
		};
		1224132E1F09D7DF00FD6A25 /* DataBase */ = {
			isa = PBXGroup;
			children = (
			);
			path = DataBase;
			sourceTree = "<group>";
		};
		1224132F1F09D7DF00FD6A25 /* Public */ = {
			isa = PBXGroup;
			children = (
			);
			path = Public;
			sourceTree = "<group>";
		};
		122413301F09D7DF00FD6A25 /* Tools */ = {
			isa = PBXGroup;
			children = (
				122413311F09D7DF00FD6A25 /* HttpHelper */,
				122413321F09D7DF00FD6A25 /* Manager */,
			);
			path = Tools;
			sourceTree = "<group>";
		};
		122413311F09D7DF00FD6A25 /* HttpHelper */ = {
			isa = PBXGroup;
			children = (
			);
			path = HttpHelper;
			sourceTree = "<group>";
		};
		122413321F09D7DF00FD6A25 /* Manager */ = {
			isa = PBXGroup;
			children = (
			);
			path = Manager;
			sourceTree = "<group>";
		};
		122413331F09D81000FD6A25 /* Macro */ = {
			isa = PBXGroup;
			children = (
				122413341F09D81000FD6A25 /* FontAndColorMacros.h */,
				122413351F09D81000FD6A25 /* URLMacros.h */,
				122413361F09D81000FD6A25 /* UtilsMacros.h */,
			);
			path = Macro;
			sourceTree = "<group>";
		};
		126769A01EDAB9A700F77D00 = {
			isa = PBXGroup;
			children = (
				126769AB1EDAB9A700F77D00 /* iOS_demo */,
				126769C51EDAB9A700F77D00 /* iOS_demoTests */,
				126769D01EDAB9A700F77D00 /* iOS_demoUITests */,
				126769AA1EDAB9A700F77D00 /* Products */,
			);
			sourceTree = "<group>";
		};
		126769AA1EDAB9A700F77D00 /* Products */ = {
			isa = PBXGroup;
			children = (
				126769A91EDAB9A700F77D00 /* iOS_demo.app */,
				126769C21EDAB9A700F77D00 /* iOS_demoTests.xctest */,
				126769CD1EDAB9A700F77D00 /* iOS_demoUITests.xctest */,
			);
			name = Products;
			sourceTree = "<group>";
		};
		126769AB1EDAB9A700F77D00 /* iOS_demo */ = {
			isa = PBXGroup;
			children = (
				12F014511EF979DD006ECD35 /* AppDelegate */,
				122413331F09D81000FD6A25 /* Macro */,
				12F0144E1EF979D4006ECD35 /* Resource */,
				1224132B1F09D74B00FD6A25 /* Vendor */,
				122413251F09D68900FD6A25 /* Classes */,
				12F014471EF979D4006ECD35 /* Manager */,
				12F014501EF979D4006ECD35 /* Utils */,
				126769B21EDAB9A700F77D00 /* ViewController.h */,
				126769B31EDAB9A700F77D00 /* ViewController.m */,
				126769B51EDAB9A700F77D00 /* Main.storyboard */,
				126769B81EDAB9A700F77D00 /* Assets.xcassets */,
				126769BA1EDAB9A700F77D00 /* LaunchScreen.storyboard */,
				126769BD1EDAB9A700F77D00 /* Info.plist */,
				126769AC1EDAB9A700F77D00 /* Supporting Files */,
			);
			path = iOS_demo;
			sourceTree = "<group>";
		};
		126769AC1EDAB9A700F77D00 /* Supporting Files */ = {
			isa = PBXGroup;
			children = (
				126769AD1EDAB9A700F77D00 /* main.m */,
			);
			name = "Supporting Files";
			sourceTree = "<group>";
		};
		126769C51EDAB9A700F77D00 /* iOS_demoTests */ = {
			isa = PBXGroup;
			children = (
				126769C61EDAB9A700F77D00 /* iOS_demoTests.m */,
				126769C81EDAB9A700F77D00 /* Info.plist */,
			);
			path = iOS_demoTests;
			sourceTree = "<group>";
		};
		126769D01EDAB9A700F77D00 /* iOS_demoUITests */ = {
			isa = PBXGroup;
			children = (
				126769D11EDAB9A700F77D00 /* iOS_demoUITests.m */,
				126769D31EDAB9A700F77D00 /* Info.plist */,
			);
			path = iOS_demoUITests;
			sourceTree = "<group>";
		};
		12F014471EF979D4006ECD35 /* Manager */ = {
			isa = PBXGroup;
			children = (
			);
			path = Manager;
			sourceTree = "<group>";
		};
		12F0144E1EF979D4006ECD35 /* Resource */ = {
			isa = PBXGroup;
			children = (
			);
			path = Resource;
			sourceTree = "<group>";
		};
		12F014501EF979D4006ECD35 /* Utils */ = {
			isa = PBXGroup;
			children = (
				1224132C1F09D7DF00FD6A25 /* BaseClasses */,
				1224132D1F09D7DF00FD6A25 /* Categories */,
				1224132E1F09D7DF00FD6A25 /* DataBase */,
				1224132F1F09D7DF00FD6A25 /* Public */,
				122413301F09D7DF00FD6A25 /* Tools */,
			);
			path = Utils;
			sourceTree = "<group>";
		};
		12F014511EF979DD006ECD35 /* AppDelegate */ = {
			isa = PBXGroup;
			children = (
				12F014521EF979DD006ECD35 /* AppDelegate.h */,
				12F014531EF979DD006ECD35 /* AppDelegate.m */,
			);
			path = AppDelegate;
			sourceTree = "<group>";
		};
/* End PBXGroup section */

/* Begin PBXNativeTarget section */
		126769A81EDAB9A700F77D00 /* iOS_demo */ = {
			isa = PBXNativeTarget;
			buildConfigurationList = 126769D61EDAB9A700F77D00 /* Build configuration list for PBXNativeTarget "iOS_demo" */;
			buildPhases = (
				126769A51EDAB9A700F77D00 /* Sources */,
				126769A61EDAB9A700F77D00 /* Frameworks */,
				126769A71EDAB9A700F77D00 /* Resources */,
			);
			buildRules = (
			);
			dependencies = (
			);
			name = iOS_demo;
			productName = iOS_demo;
			productReference = 126769A91EDAB9A700F77D00 /* iOS_demo.app */;
			productType = "com.apple.product-type.application";
		};
		126769C11EDAB9A700F77D00 /* iOS_demoTests */ = {
			isa = PBXNativeTarget;
			buildConfigurationList = 126769D91EDAB9A700F77D00 /* Build configuration list for PBXNativeTarget "iOS_demoTests" */;
			buildPhases = (
				126769BE1EDAB9A700F77D00 /* Sources */,
				126769BF1EDAB9A700F77D00 /* Frameworks */,
				126769C01EDAB9A700F77D00 /* Resources */,
			);
			buildRules = (
			);
			dependencies = (
				126769C41EDAB9A700F77D00 /* PBXTargetDependency */,
			);
			name = iOS_demoTests;
			productName = iOS_demoTests;
			productReference = 126769C21EDAB9A700F77D00 /* iOS_demoTests.xctest */;
			productType = "com.apple.product-type.bundle.unit-test";
		};
		126769CC1EDAB9A700F77D00 /* iOS_demoUITests */ = {
			isa = PBXNativeTarget;
			buildConfigurationList = 126769DC1EDAB9A700F77D00 /* Build configuration list for PBXNativeTarget "iOS_demoUITests" */;
			buildPhases = (
				126769C91EDAB9A700F77D00 /* Sources */,
				126769CA1EDAB9A700F77D00 /* Frameworks */,
				126769CB1EDAB9A700F77D00 /* Resources */,
			);
			buildRules = (
			);
			dependencies = (
				126769CF1EDAB9A700F77D00 /* PBXTargetDependency */,
			);
			name = iOS_demoUITests;
			productName = iOS_demoUITests;
			productReference = 126769CD1EDAB9A700F77D00 /* iOS_demoUITests.xctest */;
			productType = "com.apple.product-type.bundle.ui-testing";
		};
/* End PBXNativeTarget section */

/* Begin PBXProject section */
		126769A11EDAB9A700F77D00 /* Project object */ = {
			isa = PBXProject;
			attributes = {
				LastUpgradeCheck = 0830;
				ORGANIZATIONNAME = wyao;
				TargetAttributes = {
					126769A81EDAB9A700F77D00 = {
						CreatedOnToolsVersion = 8.3.2;
						ProvisioningStyle = Automatic;
					};
					126769C11EDAB9A700F77D00 = {
						CreatedOnToolsVersion = 8.3.2;
						ProvisioningStyle = Automatic;
						TestTargetID = 126769A81EDAB9A700F77D00;
					};
					126769CC1EDAB9A700F77D00 = {
						CreatedOnToolsVersion = 8.3.2;
						ProvisioningStyle = Automatic;
						TestTargetID = 126769A81EDAB9A700F77D00;
					};
				};
			};
			buildConfigurationList = 126769A41EDAB9A700F77D00 /* Build configuration list for PBXProject "iOS_demo" */;
			compatibilityVersion = "Xcode 3.2";
			developmentRegion = English;
			hasScannedForEncodings = 0;
			knownRegions = (
				en,
				Base,
			);
			mainGroup = 126769A01EDAB9A700F77D00;
			productRefGroup = 126769AA1EDAB9A700F77D00 /* Products */;
			projectDirPath = "";
			projectRoot = "";
			targets = (
				126769A81EDAB9A700F77D00 /* iOS_demo */,
				126769C11EDAB9A700F77D00 /* iOS_demoTests */,
				126769CC1EDAB9A700F77D00 /* iOS_demoUITests */,
			);
		};
/* End PBXProject section */

/* Begin PBXResourcesBuildPhase section */
		126769A71EDAB9A700F77D00 /* Resources */ = {
			isa = PBXResourcesBuildPhase;
			buildActionMask = 2147483647;
			files = (
				126769BC1EDAB9A700F77D00 /* LaunchScreen.storyboard in Resources */,
				126769B91EDAB9A700F77D00 /* Assets.xcassets in Resources */,
				126769B71EDAB9A700F77D00 /* Main.storyboard in Resources */,
			);
			runOnlyForDeploymentPostprocessing = 0;
		};
		126769C01EDAB9A700F77D00 /* Resources */ = {
			isa = PBXResourcesBuildPhase;
			buildActionMask = 2147483647;
			files = (
			);
			runOnlyForDeploymentPostprocessing = 0;
		};
		126769CB1EDAB9A700F77D00 /* Resources */ = {
			isa = PBXResourcesBuildPhase;
			buildActionMask = 2147483647;
			files = (
			);
			runOnlyForDeploymentPostprocessing = 0;
		};
/* End PBXResourcesBuildPhase section */

/* Begin PBXSourcesBuildPhase section */
		126769A51EDAB9A700F77D00 /* Sources */ = {
			isa = PBXSourcesBuildPhase;
			buildActionMask = 2147483647;
			files = (
				126769B41EDAB9A700F77D00 /* ViewController.m in Sources */,
				126769AE1EDAB9A700F77D00 /* main.m in Sources */,
				12F014541EF979DD006ECD35 /* AppDelegate.m in Sources */,
			);
			runOnlyForDeploymentPostprocessing = 0;
		};
		126769BE1EDAB9A700F77D00 /* Sources */ = {
			isa = PBXSourcesBuildPhase;
			buildActionMask = 2147483647;
			files = (
				126769C71EDAB9A700F77D00 /* iOS_demoTests.m in Sources */,
			);
			runOnlyForDeploymentPostprocessing = 0;
		};
		126769C91EDAB9A700F77D00 /* Sources */ = {
			isa = PBXSourcesBuildPhase;
			buildActionMask = 2147483647;
			files = (
				126769D21EDAB9A700F77D00 /* iOS_demoUITests.m in Sources */,
			);
			runOnlyForDeploymentPostprocessing = 0;
		};
/* End PBXSourcesBuildPhase section */

/* Begin PBXTargetDependency section */
		126769C41EDAB9A700F77D00 /* PBXTargetDependency */ = {
			isa = PBXTargetDependency;
			target = 126769A81EDAB9A700F77D00 /* iOS_demo */;
			targetProxy = 126769C31EDAB9A700F77D00 /* PBXContainerItemProxy */;
		};
		126769CF1EDAB9A700F77D00 /* PBXTargetDependency */ = {
			isa = PBXTargetDependency;
			target = 126769A81EDAB9A700F77D00 /* iOS_demo */;
			targetProxy = 126769CE1EDAB9A700F77D00 /* PBXContainerItemProxy */;
		};
/* End PBXTargetDependency section */

/* Begin PBXVariantGroup section */
		126769B51EDAB9A700F77D00 /* Main.storyboard */ = {
			isa = PBXVariantGroup;
			children = (
				126769B61EDAB9A700F77D00 /* Base */,
			);
			name = Main.storyboard;
			sourceTree = "<group>";
		};
		126769BA1EDAB9A700F77D00 /* LaunchScreen.storyboard */ = {
			isa = PBXVariantGroup;
			children = (
				126769BB1EDAB9A700F77D00 /* Base */,
			);
			name = LaunchScreen.storyboard;
			sourceTree = "<group>";
		};
/* End PBXVariantGroup section */

/* Begin XCBuildConfiguration section */
		126769D41EDAB9A700F77D00 /* Debug */ = {
			isa = XCBuildConfiguration;
			buildSettings = {
				ALWAYS_SEARCH_USER_PATHS = NO;
				CLANG_ANALYZER_NONNULL = YES;
				CLANG_ANALYZER_NUMBER_OBJECT_CONVERSION = YES_AGGRESSIVE;
				CLANG_CXX_LANGUAGE_STANDARD = "gnu++0x";
				CLANG_CXX_LIBRARY = "libc++";
				CLANG_ENABLE_MODULES = YES;
				CLANG_ENABLE_OBJC_ARC = YES;
				CLANG_WARN_BOOL_CONVERSION = YES;
				CLANG_WARN_CONSTANT_CONVERSION = YES;
				CLANG_WARN_DIRECT_OBJC_ISA_USAGE = YES_ERROR;
				CLANG_WARN_DOCUMENTATION_COMMENTS = YES;
				CLANG_WARN_EMPTY_BODY = YES;
				CLANG_WARN_ENUM_CONVERSION = YES;
				CLANG_WARN_INFINITE_RECURSION = YES;
				CLANG_WARN_INT_CONVERSION = YES;
				CLANG_WARN_OBJC_ROOT_CLASS = YES_ERROR;
				CLANG_WARN_SUSPICIOUS_MOVE = YES;
				CLANG_WARN_UNREACHABLE_CODE = YES;
				CLANG_WARN__DUPLICATE_METHOD_MATCH = YES;
				"CODE_SIGN_IDENTITY[sdk=iphoneos*]" = "iPhone Developer";
				COPY_PHASE_STRIP = NO;
				DEBUG_INFORMATION_FORMAT = dwarf;
				ENABLE_STRICT_OBJC_MSGSEND = YES;
				ENABLE_TESTABILITY = YES;
				GCC_C_LANGUAGE_STANDARD = gnu99;
				GCC_DYNAMIC_NO_PIC = NO;
				GCC_NO_COMMON_BLOCKS = YES;
				GCC_OPTIMIZATION_LEVEL = 0;
				GCC_PREPROCESSOR_DEFINITIONS = (
					"DEBUG=1",
					"$(inherited)",
				);
				GCC_WARN_64_TO_32_BIT_CONVERSION = YES;
				GCC_WARN_ABOUT_RETURN_TYPE = YES_ERROR;
				GCC_WARN_UNDECLARED_SELECTOR = YES;
				GCC_WARN_UNINITIALIZED_AUTOS = YES_AGGRESSIVE;
				GCC_WARN_UNUSED_FUNCTION = YES;
				GCC_WARN_UNUSED_VARIABLE = YES;
				IPHONEOS_DEPLOYMENT_TARGET = 10.3;
				MTL_ENABLE_DEBUG_INFO = YES;
				ONLY_ACTIVE_ARCH = YES;
				SDKROOT = iphoneos;
				TARGETED_DEVICE_FAMILY = "1,2";
			};
			name = Debug;
		};
		126769D51EDAB9A700F77D00 /* Release */ = {
			isa = XCBuildConfiguration;
			buildSettings = {
				ALWAYS_SEARCH_USER_PATHS = NO;
				CLANG_ANALYZER_NONNULL = YES;
				CLANG_ANALYZER_NUMBER_OBJECT_CONVERSION = YES_AGGRESSIVE;
				CLANG_CXX_LANGUAGE_STANDARD = "gnu++0x";
				CLANG_CXX_LIBRARY = "libc++";
				CLANG_ENABLE_MODULES = YES;
				CLANG_ENABLE_OBJC_ARC = YES;
				CLANG_WARN_BOOL_CONVERSION = YES;
				CLANG_WARN_CONSTANT_CONVERSION = YES;
				CLANG_WARN_DIRECT_OBJC_ISA_USAGE = YES_ERROR;
				CLANG_WARN_DOCUMENTATION_COMMENTS = YES;
				CLANG_WARN_EMPTY_BODY = YES;
				CLANG_WARN_ENUM_CONVERSION = YES;
				CLANG_WARN_INFINITE_RECURSION = YES;
				CLANG_WARN_INT_CONVERSION = YES;
				CLANG_WARN_OBJC_ROOT_CLASS = YES_ERROR;
				CLANG_WARN_SUSPICIOUS_MOVE = YES;
				CLANG_WARN_UNREACHABLE_CODE = YES;
				CLANG_WARN__DUPLICATE_METHOD_MATCH = YES;
				"CODE_SIGN_IDENTITY[sdk=iphoneos*]" = "iPhone Developer";
				COPY_PHASE_STRIP = NO;
				DEBUG_INFORMATION_FORMAT = "dwarf-with-dsym";
				ENABLE_NS_ASSERTIONS = NO;
				ENABLE_STRICT_OBJC_MSGSEND = YES;
				GCC_C_LANGUAGE_STANDARD = gnu99;
				GCC_NO_COMMON_BLOCKS = YES;
				GCC_WARN_64_TO_32_BIT_CONVERSION = YES;
				GCC_WARN_ABOUT_RETURN_TYPE = YES_ERROR;
				GCC_WARN_UNDECLARED_SELECTOR = YES;
				GCC_WARN_UNINITIALIZED_AUTOS = YES_AGGRESSIVE;
				GCC_WARN_UNUSED_FUNCTION = YES;
				GCC_WARN_UNUSED_VARIABLE = YES;
				IPHONEOS_DEPLOYMENT_TARGET = 10.3;
				MTL_ENABLE_DEBUG_INFO = NO;
				SDKROOT = iphoneos;
				TARGETED_DEVICE_FAMILY = "1,2";
				VALIDATE_PRODUCT = YES;
			};
			name = Release;
		};
		126769D71EDAB9A700F77D00 /* Debug */ = {
			isa = XCBuildConfiguration;
			buildSettings = {
				ASSETCATALOG_COMPILER_APPICON_NAME = AppIcon;
				INFOPLIST_FILE = iOS_demo/Info.plist;
				LD_RUNPATH_SEARCH_PATHS = "$(inherited) @executable_path/Frameworks";
				PRODUCT_BUNDLE_IDENTIFIER = "wyao.iOS-demo";
				PRODUCT_NAME = "$(TARGET_NAME)";
			};
			name = Debug;
		};
		126769D81EDAB9A700F77D00 /* Release */ = {
			isa = XCBuildConfiguration;
			buildSettings = {
				ASSETCATALOG_COMPILER_APPICON_NAME = AppIcon;
				INFOPLIST_FILE = iOS_demo/Info.plist;
				LD_RUNPATH_SEARCH_PATHS = "$(inherited) @executable_path/Frameworks";
				PRODUCT_BUNDLE_IDENTIFIER = "wyao.iOS-demo";
				PRODUCT_NAME = "$(TARGET_NAME)";
			};
			name = Release;
		};
		126769DA1EDAB9A700F77D00 /* Debug */ = {
			isa = XCBuildConfiguration;
			buildSettings = {
				BUNDLE_LOADER = "$(TEST_HOST)";
				INFOPLIST_FILE = iOS_demoTests/Info.plist;
				LD_RUNPATH_SEARCH_PATHS = "$(inherited) @executable_path/Frameworks @loader_path/Frameworks";
				PRODUCT_BUNDLE_IDENTIFIER = "wyao.iOS-demoTests";
				PRODUCT_NAME = "$(TARGET_NAME)";
				TEST_HOST = "$(BUILT_PRODUCTS_DIR)/iOS_demo.app/iOS_demo";
			};
			name = Debug;
		};
		126769DB1EDAB9A700F77D00 /* Release */ = {
			isa = XCBuildConfiguration;
			buildSettings = {
				BUNDLE_LOADER = "$(TEST_HOST)";
				INFOPLIST_FILE = iOS_demoTests/Info.plist;
				LD_RUNPATH_SEARCH_PATHS = "$(inherited) @executable_path/Frameworks @loader_path/Frameworks";
				PRODUCT_BUNDLE_IDENTIFIER = "wyao.iOS-demoTests";
				PRODUCT_NAME = "$(TARGET_NAME)";
				TEST_HOST = "$(BUILT_PRODUCTS_DIR)/iOS_demo.app/iOS_demo";
			};
			name = Release;
		};
		126769DD1EDAB9A700F77D00 /* Debug */ = {
			isa = XCBuildConfiguration;
			buildSettings = {
				INFOPLIST_FILE = iOS_demoUITests/Info.plist;
				LD_RUNPATH_SEARCH_PATHS = "$(inherited) @executable_path/Frameworks @loader_path/Frameworks";
				PRODUCT_BUNDLE_IDENTIFIER = "wyao.iOS-demoUITests";
				PRODUCT_NAME = "$(TARGET_NAME)";
				TEST_TARGET_NAME = iOS_demo;
			};
			name = Debug;
		};
		126769DE1EDAB9A700F77D00 /* Release */ = {
			isa = XCBuildConfiguration;
			buildSettings = {
				INFOPLIST_FILE = iOS_demoUITests/Info.plist;
				LD_RUNPATH_SEARCH_PATHS = "$(inherited) @executable_path/Frameworks @loader_path/Frameworks";
				PRODUCT_BUNDLE_IDENTIFIER = "wyao.iOS-demoUITests";
				PRODUCT_NAME = "$(TARGET_NAME)";
				TEST_TARGET_NAME = iOS_demo;
			};
			name = Release;
		};
/* End XCBuildConfiguration section */

/* Begin XCConfigurationList section */
		126769A41EDAB9A700F77D00 /* Build configuration list for PBXProject "iOS_demo" */ = {
			isa = XCConfigurationList;
			buildConfigurations = (
				126769D41EDAB9A700F77D00 /* Debug */,
				126769D51EDAB9A700F77D00 /* Release */,
			);
			defaultConfigurationIsVisible = 0;
			defaultConfigurationName = Release;
		};
		126769D61EDAB9A700F77D00 /* Build configuration list for PBXNativeTarget "iOS_demo" */ = {
			isa = XCConfigurationList;
			buildConfigurations = (
				126769D71EDAB9A700F77D00 /* Debug */,
				126769D81EDAB9A700F77D00 /* Release */,
			);
			defaultConfigurationIsVisible = 0;
			defaultConfigurationName = Release;
		};
		126769D91EDAB9A700F77D00 /* Build configuration list for PBXNativeTarget "iOS_demoTests" */ = {
			isa = XCConfigurationList;
			buildConfigurations = (
				126769DA1EDAB9A700F77D00 /* Debug */,
				126769DB1EDAB9A700F77D00 /* Release */,
			);
			defaultConfigurationIsVisible = 0;
			defaultConfigurationName = Release;
		};
		126769DC1EDAB9A700F77D00 /* Build configuration list for PBXNativeTarget "iOS_demoUITests" */ = {
			isa = XCConfigurationList;
			buildConfigurations = (
				126769DD1EDAB9A700F77D00 /* Debug */,
				126769DE1EDAB9A700F77D00 /* Release */,
			);
			defaultConfigurationIsVisible = 0;
			defaultConfigurationName = Release;
		};
/* End XCConfigurationList section */
	};
	rootObject = 126769A11EDAB9A700F77D00 /* Project object */;
}
